// !$*UTF8*$!
{
	archiveVersion = 1;
	classes = {
	};
	objectVersion = 50;
	objects = {

/* Begin PBXBuildFile section */
		360D702D224228E4009F2B5C /* NSMutableAttributedString+Extension.swift in Sources */ = {isa = PBXBuildFile; fileRef = 360D702C224228E4009F2B5C /* NSMutableAttributedString+Extension.swift */; };
		360D702F22422E62009F2B5C /* SourceSansPro-Semibold.otf in Resources */ = {isa = PBXBuildFile; fileRef = 360D702E22422E62009F2B5C /* SourceSansPro-Semibold.otf */; };
		360D703022422E62009F2B5C /* SourceSansPro-Semibold.otf in Resources */ = {isa = PBXBuildFile; fileRef = 360D702E22422E62009F2B5C /* SourceSansPro-Semibold.otf */; };
		360D703122422E62009F2B5C /* SourceSansPro-Semibold.otf in Resources */ = {isa = PBXBuildFile; fileRef = 360D702E22422E62009F2B5C /* SourceSansPro-Semibold.otf */; };
		360D703D22422EC0009F2B5C /* SourceSansPro-BlackIt.otf in Resources */ = {isa = PBXBuildFile; fileRef = 360D703222422EBF009F2B5C /* SourceSansPro-BlackIt.otf */; };
		360D703E22422EC0009F2B5C /* SourceSansPro-BlackIt.otf in Resources */ = {isa = PBXBuildFile; fileRef = 360D703222422EBF009F2B5C /* SourceSansPro-BlackIt.otf */; };
		360D703F22422EC0009F2B5C /* SourceSansPro-BlackIt.otf in Resources */ = {isa = PBXBuildFile; fileRef = 360D703222422EBF009F2B5C /* SourceSansPro-BlackIt.otf */; };
		360D704022422EC0009F2B5C /* SourceSansPro-Regular.otf in Resources */ = {isa = PBXBuildFile; fileRef = 360D703322422EBF009F2B5C /* SourceSansPro-Regular.otf */; };
		360D704122422EC0009F2B5C /* SourceSansPro-Regular.otf in Resources */ = {isa = PBXBuildFile; fileRef = 360D703322422EBF009F2B5C /* SourceSansPro-Regular.otf */; };
		360D704222422EC0009F2B5C /* SourceSansPro-Regular.otf in Resources */ = {isa = PBXBuildFile; fileRef = 360D703322422EBF009F2B5C /* SourceSansPro-Regular.otf */; };
		360D704322422EC0009F2B5C /* SourceSansPro-ExtraLightIt.otf in Resources */ = {isa = PBXBuildFile; fileRef = 360D703422422EBF009F2B5C /* SourceSansPro-ExtraLightIt.otf */; };
		360D704422422EC0009F2B5C /* SourceSansPro-ExtraLightIt.otf in Resources */ = {isa = PBXBuildFile; fileRef = 360D703422422EBF009F2B5C /* SourceSansPro-ExtraLightIt.otf */; };
		360D704522422EC0009F2B5C /* SourceSansPro-ExtraLightIt.otf in Resources */ = {isa = PBXBuildFile; fileRef = 360D703422422EBF009F2B5C /* SourceSansPro-ExtraLightIt.otf */; };
		360D704622422EC0009F2B5C /* SourceSansPro-SemiboldIt.otf in Resources */ = {isa = PBXBuildFile; fileRef = 360D703522422EBF009F2B5C /* SourceSansPro-SemiboldIt.otf */; };
		360D704722422EC0009F2B5C /* SourceSansPro-SemiboldIt.otf in Resources */ = {isa = PBXBuildFile; fileRef = 360D703522422EBF009F2B5C /* SourceSansPro-SemiboldIt.otf */; };
		360D704822422EC0009F2B5C /* SourceSansPro-SemiboldIt.otf in Resources */ = {isa = PBXBuildFile; fileRef = 360D703522422EBF009F2B5C /* SourceSansPro-SemiboldIt.otf */; };
		360D704922422EC0009F2B5C /* SourceSansPro-Light.otf in Resources */ = {isa = PBXBuildFile; fileRef = 360D703622422EC0009F2B5C /* SourceSansPro-Light.otf */; };
		360D704A22422EC0009F2B5C /* SourceSansPro-Light.otf in Resources */ = {isa = PBXBuildFile; fileRef = 360D703622422EC0009F2B5C /* SourceSansPro-Light.otf */; };
		360D704B22422EC0009F2B5C /* SourceSansPro-Light.otf in Resources */ = {isa = PBXBuildFile; fileRef = 360D703622422EC0009F2B5C /* SourceSansPro-Light.otf */; };
		360D704C22422EC0009F2B5C /* SourceSansPro-BoldIt.otf in Resources */ = {isa = PBXBuildFile; fileRef = 360D703722422EC0009F2B5C /* SourceSansPro-BoldIt.otf */; };
		360D704D22422EC0009F2B5C /* SourceSansPro-BoldIt.otf in Resources */ = {isa = PBXBuildFile; fileRef = 360D703722422EC0009F2B5C /* SourceSansPro-BoldIt.otf */; };
		360D704E22422EC0009F2B5C /* SourceSansPro-BoldIt.otf in Resources */ = {isa = PBXBuildFile; fileRef = 360D703722422EC0009F2B5C /* SourceSansPro-BoldIt.otf */; };
		360D704F22422EC0009F2B5C /* SourceSansPro-Black.otf in Resources */ = {isa = PBXBuildFile; fileRef = 360D703822422EC0009F2B5C /* SourceSansPro-Black.otf */; };
		360D705022422EC0009F2B5C /* SourceSansPro-Black.otf in Resources */ = {isa = PBXBuildFile; fileRef = 360D703822422EC0009F2B5C /* SourceSansPro-Black.otf */; };
		360D705122422EC0009F2B5C /* SourceSansPro-Black.otf in Resources */ = {isa = PBXBuildFile; fileRef = 360D703822422EC0009F2B5C /* SourceSansPro-Black.otf */; };
		360D705222422EC0009F2B5C /* SourceSansPro-ExtraLight.otf in Resources */ = {isa = PBXBuildFile; fileRef = 360D703922422EC0009F2B5C /* SourceSansPro-ExtraLight.otf */; };
		360D705322422EC0009F2B5C /* SourceSansPro-ExtraLight.otf in Resources */ = {isa = PBXBuildFile; fileRef = 360D703922422EC0009F2B5C /* SourceSansPro-ExtraLight.otf */; };
		360D705422422EC0009F2B5C /* SourceSansPro-ExtraLight.otf in Resources */ = {isa = PBXBuildFile; fileRef = 360D703922422EC0009F2B5C /* SourceSansPro-ExtraLight.otf */; };
		360D705522422EC0009F2B5C /* SourceSansPro-It.otf in Resources */ = {isa = PBXBuildFile; fileRef = 360D703A22422EC0009F2B5C /* SourceSansPro-It.otf */; };
		360D705622422EC0009F2B5C /* SourceSansPro-It.otf in Resources */ = {isa = PBXBuildFile; fileRef = 360D703A22422EC0009F2B5C /* SourceSansPro-It.otf */; };
		360D705722422EC0009F2B5C /* SourceSansPro-It.otf in Resources */ = {isa = PBXBuildFile; fileRef = 360D703A22422EC0009F2B5C /* SourceSansPro-It.otf */; };
		360D705822422EC0009F2B5C /* SourceSansPro-LightIt.otf in Resources */ = {isa = PBXBuildFile; fileRef = 360D703B22422EC0009F2B5C /* SourceSansPro-LightIt.otf */; };
		360D705922422EC0009F2B5C /* SourceSansPro-LightIt.otf in Resources */ = {isa = PBXBuildFile; fileRef = 360D703B22422EC0009F2B5C /* SourceSansPro-LightIt.otf */; };
		360D705A22422EC0009F2B5C /* SourceSansPro-LightIt.otf in Resources */ = {isa = PBXBuildFile; fileRef = 360D703B22422EC0009F2B5C /* SourceSansPro-LightIt.otf */; };
		360D705B22422EC0009F2B5C /* SourceSansPro-Bold.otf in Resources */ = {isa = PBXBuildFile; fileRef = 360D703C22422EC0009F2B5C /* SourceSansPro-Bold.otf */; };
		360D705C22422EC0009F2B5C /* SourceSansPro-Bold.otf in Resources */ = {isa = PBXBuildFile; fileRef = 360D703C22422EC0009F2B5C /* SourceSansPro-Bold.otf */; };
		360D705D22422EC0009F2B5C /* SourceSansPro-Bold.otf in Resources */ = {isa = PBXBuildFile; fileRef = 360D703C22422EC0009F2B5C /* SourceSansPro-Bold.otf */; };
		3621926B2240874400336445 /* TutorialViewController.storyboard in Resources */ = {isa = PBXBuildFile; fileRef = 3621926A2240874400336445 /* TutorialViewController.storyboard */; };
		3621926D2240875F00336445 /* TutorialViewController.swift in Sources */ = {isa = PBXBuildFile; fileRef = 3621926C2240875F00336445 /* TutorialViewController.swift */; };
		3621926F224091D400336445 /* PageViewController.swift in Sources */ = {isa = PBXBuildFile; fileRef = 3621926E224091D400336445 /* PageViewController.swift */; };
		362192732240A2F300336445 /* ActiveNewAccountViewController.storyboard in Resources */ = {isa = PBXBuildFile; fileRef = 362192722240A2F300336445 /* ActiveNewAccountViewController.storyboard */; };
		362192752240A30F00336445 /* ActiveNewAccountViewController.swift in Sources */ = {isa = PBXBuildFile; fileRef = 362192742240A30F00336445 /* ActiveNewAccountViewController.swift */; };
		362192792240D37600336445 /* AddPayoutTableViewController.storyboard in Resources */ = {isa = PBXBuildFile; fileRef = 362192782240D37600336445 /* AddPayoutTableViewController.storyboard */; };
		3621927C2240D3D500336445 /* CustomNavigationBarView.xib in Resources */ = {isa = PBXBuildFile; fileRef = 3621927B2240D3D500336445 /* CustomNavigationBarView.xib */; };
		3621927E2240D3F600336445 /* CustomNavigationBarView.swift in Sources */ = {isa = PBXBuildFile; fileRef = 3621927D2240D3F600336445 /* CustomNavigationBarView.swift */; };
		362192812240D9DE00336445 /* InformationUserAccountPayView.xib in Resources */ = {isa = PBXBuildFile; fileRef = 362192802240D9DE00336445 /* InformationUserAccountPayView.xib */; };
		362192832240D9ED00336445 /* InformationUserAccountPayView.swift in Sources */ = {isa = PBXBuildFile; fileRef = 362192822240D9ED00336445 /* InformationUserAccountPayView.swift */; };
		36305396223A41A80028715F /* AppDelegate.swift in Sources */ = {isa = PBXBuildFile; fileRef = 36305395223A41A80028715F /* AppDelegate.swift */; };
		36305398223A41A80028715F /* ViewController.swift in Sources */ = {isa = PBXBuildFile; fileRef = 36305397223A41A80028715F /* ViewController.swift */; };
		3630539B223A41A80028715F /* Main.storyboard in Resources */ = {isa = PBXBuildFile; fileRef = 36305399223A41A80028715F /* Main.storyboard */; };
		3630539D223A41AB0028715F /* Assets.xcassets in Resources */ = {isa = PBXBuildFile; fileRef = 3630539C223A41AB0028715F /* Assets.xcassets */; };
		363053A0223A41AB0028715F /* LaunchScreen.storyboard in Resources */ = {isa = PBXBuildFile; fileRef = 3630539E223A41AB0028715F /* LaunchScreen.storyboard */; };
		363053AB223A41AB0028715F /* HandymanTests.swift in Sources */ = {isa = PBXBuildFile; fileRef = 363053AA223A41AB0028715F /* HandymanTests.swift */; };
		363053B6223A41AB0028715F /* HandymanUITests.swift in Sources */ = {isa = PBXBuildFile; fileRef = 363053B5223A41AB0028715F /* HandymanUITests.swift */; };
		363053C5223A41E30028715F /* RegisterViewController.storyboard in Resources */ = {isa = PBXBuildFile; fileRef = 363053C4223A41E30028715F /* RegisterViewController.storyboard */; };
		366328BF2244898B00E82CBA /* ActivePayoutViewController.storyboard in Resources */ = {isa = PBXBuildFile; fileRef = 366328BE2244898B00E82CBA /* ActivePayoutViewController.storyboard */; };
		366328C12244899F00E82CBA /* ActivePayoutViewController.swift in Sources */ = {isa = PBXBuildFile; fileRef = 366328C02244899F00E82CBA /* ActivePayoutViewController.swift */; };
		366328C4224496FF00E82CBA /* FillPayoutViewController.storyboard in Resources */ = {isa = PBXBuildFile; fileRef = 366328C3224496FF00E82CBA /* FillPayoutViewController.storyboard */; };
		366328C62244971300E82CBA /* FillPayoutViewController.swift in Sources */ = {isa = PBXBuildFile; fileRef = 366328C52244971300E82CBA /* FillPayoutViewController.swift */; };
		367E09E3223B4A030095680E /* RegisterViewController.swift in Sources */ = {isa = PBXBuildFile; fileRef = 367E09E2223B4A030095680E /* RegisterViewController.swift */; };
		367E09E5223B4AAB0095680E /* LoginViewController.storyboard in Resources */ = {isa = PBXBuildFile; fileRef = 367E09E4223B4AAB0095680E /* LoginViewController.storyboard */; };
		367E09E8223B4B760095680E /* NavigationBarView.xib in Resources */ = {isa = PBXBuildFile; fileRef = 367E09E7223B4B760095680E /* NavigationBarView.xib */; };
		367E09EA223B4B970095680E /* NavigationBarView.swift in Sources */ = {isa = PBXBuildFile; fileRef = 367E09E9223B4B970095680E /* NavigationBarView.swift */; };
		367E09EE223B4CD80095680E /* UIView+Extension.swift in Sources */ = {isa = PBXBuildFile; fileRef = 367E09ED223B4CD80095680E /* UIView+Extension.swift */; };
		367E09F0223B4D8D0095680E /* NSObject+Extension.swift in Sources */ = {isa = PBXBuildFile; fileRef = 367E09EF223B4D8D0095680E /* NSObject+Extension.swift */; };
		367E09F2223B4DBE0095680E /* UIVIewController+Extension.swift in Sources */ = {isa = PBXBuildFile; fileRef = 367E09F1223B4DBE0095680E /* UIVIewController+Extension.swift */; };
		3686D9EC2243295900123082 /* BaseTutorialViewController.swift in Sources */ = {isa = PBXBuildFile; fileRef = 3686D9EB2243295900123082 /* BaseTutorialViewController.swift */; };
		3686D9EF2243324200123082 /* Constants.swift in Sources */ = {isa = PBXBuildFile; fileRef = 3686D9EE2243324200123082 /* Constants.swift */; };
		3686D9F1224366B400123082 /* AddPayoutTableViewController.swift in Sources */ = {isa = PBXBuildFile; fileRef = 3686D9F0224366B400123082 /* AddPayoutTableViewController.swift */; };
		3686D9F42243672F00123082 /* CardView.xib in Resources */ = {isa = PBXBuildFile; fileRef = 3686D9F32243672F00123082 /* CardView.xib */; };
		3686D9F62243674200123082 /* CardView.swift in Sources */ = {isa = PBXBuildFile; fileRef = 3686D9F52243674200123082 /* CardView.swift */; };
		3686D9F9224376E400123082 /* AddNewPayoutTableViewController.storyboard in Resources */ = {isa = PBXBuildFile; fileRef = 3686D9F8224376E400123082 /* AddNewPayoutTableViewController.storyboard */; };
		3686D9FB2243770200123082 /* AddNewPayoutTableViewController.swift in Sources */ = {isa = PBXBuildFile; fileRef = 3686D9FA2243770200123082 /* AddNewPayoutTableViewController.swift */; };
		3686D9FF2243969B00123082 /* DatePickerView.xib in Resources */ = {isa = PBXBuildFile; fileRef = 3686D9FE2243969B00123082 /* DatePickerView.xib */; };
		3686DA01224396B000123082 /* DatePickerView.swift in Sources */ = {isa = PBXBuildFile; fileRef = 3686DA00224396B000123082 /* DatePickerView.swift */; };
		36E170CD223B4EF9007BE333 /* UIColor+Extension.swift in Sources */ = {isa = PBXBuildFile; fileRef = 36E170CC223B4EF9007BE333 /* UIColor+Extension.swift */; };
		36E170CF223B5FE8007BE333 /* LoginViewController.swift in Sources */ = {isa = PBXBuildFile; fileRef = 36E170CE223B5FE8007BE333 /* LoginViewController.swift */; };
		36E170D1223B618F007BE333 /* RootViewController.swift in Sources */ = {isa = PBXBuildFile; fileRef = 36E170D0223B618F007BE333 /* RootViewController.swift */; };
		36E170D3223B7BBA007BE333 /* SignUpViewController.storyboard in Resources */ = {isa = PBXBuildFile; fileRef = 36E170D2223B7BBA007BE333 /* SignUpViewController.storyboard */; };
		36E170D8223B7C63007BE333 /* SignUpViewController.swift in Sources */ = {isa = PBXBuildFile; fileRef = 36E170D7223B7C63007BE333 /* SignUpViewController.swift */; };
		36E170DA223B9439007BE333 /* PasswordView.xib in Resources */ = {isa = PBXBuildFile; fileRef = 36E170D9223B9439007BE333 /* PasswordView.xib */; };
		36E170DC223B9452007BE333 /* PasswordView.swift in Sources */ = {isa = PBXBuildFile; fileRef = 36E170DB223B9452007BE333 /* PasswordView.swift */; };
		36E170E0223B9B46007BE333 /* EmailView.xib in Resources */ = {isa = PBXBuildFile; fileRef = 36E170DF223B9B46007BE333 /* EmailView.xib */; };
		36E170E2223B9B5E007BE333 /* EmailView.swift in Sources */ = {isa = PBXBuildFile; fileRef = 36E170E1223B9B5E007BE333 /* EmailView.swift */; };
		36E170E5223BA01E007BE333 /* ForgotPasswordViewController.storyboard in Resources */ = {isa = PBXBuildFile; fileRef = 36E170E4223BA01E007BE333 /* ForgotPasswordViewController.storyboard */; };
		36E170E7223BA08B007BE333 /* ForgotPasswordViewController.swift in Sources */ = {isa = PBXBuildFile; fileRef = 36E170E6223BA08B007BE333 /* ForgotPasswordViewController.swift */; };
		36E170EA223BACBA007BE333 /* StartViewController.storyboard in Resources */ = {isa = PBXBuildFile; fileRef = 36E170E9223BACBA007BE333 /* StartViewController.storyboard */; };
		36E170EC223BACCC007BE333 /* StartViewController.swift in Sources */ = {isa = PBXBuildFile; fileRef = 36E170EB223BACCC007BE333 /* StartViewController.swift */; };
/* End PBXBuildFile section */

/* Begin PBXContainerItemProxy section */
		363053A7223A41AB0028715F /* PBXContainerItemProxy */ = {
			isa = PBXContainerItemProxy;
			containerPortal = 3630538A223A41A80028715F /* Project object */;
			proxyType = 1;
			remoteGlobalIDString = 36305391223A41A80028715F;
			remoteInfo = Handyman;
		};
		363053B2223A41AB0028715F /* PBXContainerItemProxy */ = {
			isa = PBXContainerItemProxy;
			containerPortal = 3630538A223A41A80028715F /* Project object */;
			proxyType = 1;
			remoteGlobalIDString = 36305391223A41A80028715F;
			remoteInfo = Handyman;
		};
/* End PBXContainerItemProxy section */

/* Begin PBXFileReference section */
		360D702C224228E4009F2B5C /* NSMutableAttributedString+Extension.swift */ = {isa = PBXFileReference; lastKnownFileType = sourcecode.swift; path = "NSMutableAttributedString+Extension.swift"; sourceTree = "<group>"; };
		360D702E22422E62009F2B5C /* SourceSansPro-Semibold.otf */ = {isa = PBXFileReference; lastKnownFileType = file; path = "SourceSansPro-Semibold.otf"; sourceTree = "<group>"; };
		360D703222422EBF009F2B5C /* SourceSansPro-BlackIt.otf */ = {isa = PBXFileReference; lastKnownFileType = file; path = "SourceSansPro-BlackIt.otf"; sourceTree = "<group>"; };
		360D703322422EBF009F2B5C /* SourceSansPro-Regular.otf */ = {isa = PBXFileReference; lastKnownFileType = file; path = "SourceSansPro-Regular.otf"; sourceTree = "<group>"; };
		360D703422422EBF009F2B5C /* SourceSansPro-ExtraLightIt.otf */ = {isa = PBXFileReference; lastKnownFileType = file; path = "SourceSansPro-ExtraLightIt.otf"; sourceTree = "<group>"; };
		360D703522422EBF009F2B5C /* SourceSansPro-SemiboldIt.otf */ = {isa = PBXFileReference; lastKnownFileType = file; path = "SourceSansPro-SemiboldIt.otf"; sourceTree = "<group>"; };
		360D703622422EC0009F2B5C /* SourceSansPro-Light.otf */ = {isa = PBXFileReference; lastKnownFileType = file; path = "SourceSansPro-Light.otf"; sourceTree = "<group>"; };
		360D703722422EC0009F2B5C /* SourceSansPro-BoldIt.otf */ = {isa = PBXFileReference; lastKnownFileType = file; path = "SourceSansPro-BoldIt.otf"; sourceTree = "<group>"; };
		360D703822422EC0009F2B5C /* SourceSansPro-Black.otf */ = {isa = PBXFileReference; lastKnownFileType = file; path = "SourceSansPro-Black.otf"; sourceTree = "<group>"; };
		360D703922422EC0009F2B5C /* SourceSansPro-ExtraLight.otf */ = {isa = PBXFileReference; lastKnownFileType = file; path = "SourceSansPro-ExtraLight.otf"; sourceTree = "<group>"; };
		360D703A22422EC0009F2B5C /* SourceSansPro-It.otf */ = {isa = PBXFileReference; lastKnownFileType = file; path = "SourceSansPro-It.otf"; sourceTree = "<group>"; };
		360D703B22422EC0009F2B5C /* SourceSansPro-LightIt.otf */ = {isa = PBXFileReference; lastKnownFileType = file; path = "SourceSansPro-LightIt.otf"; sourceTree = "<group>"; };
		360D703C22422EC0009F2B5C /* SourceSansPro-Bold.otf */ = {isa = PBXFileReference; lastKnownFileType = file; path = "SourceSansPro-Bold.otf"; sourceTree = "<group>"; };
		3621926A2240874400336445 /* TutorialViewController.storyboard */ = {isa = PBXFileReference; lastKnownFileType = file.storyboard; path = TutorialViewController.storyboard; sourceTree = "<group>"; };
		3621926C2240875F00336445 /* TutorialViewController.swift */ = {isa = PBXFileReference; lastKnownFileType = sourcecode.swift; path = TutorialViewController.swift; sourceTree = "<group>"; };
		3621926E224091D400336445 /* PageViewController.swift */ = {isa = PBXFileReference; lastKnownFileType = sourcecode.swift; path = PageViewController.swift; sourceTree = "<group>"; };
		362192722240A2F300336445 /* ActiveNewAccountViewController.storyboard */ = {isa = PBXFileReference; lastKnownFileType = file.storyboard; path = ActiveNewAccountViewController.storyboard; sourceTree = "<group>"; };
		362192742240A30F00336445 /* ActiveNewAccountViewController.swift */ = {isa = PBXFileReference; lastKnownFileType = sourcecode.swift; path = ActiveNewAccountViewController.swift; sourceTree = "<group>"; };
		362192782240D37600336445 /* AddPayoutTableViewController.storyboard */ = {isa = PBXFileReference; lastKnownFileType = file.storyboard; path = AddPayoutTableViewController.storyboard; sourceTree = "<group>"; };
		3621927B2240D3D500336445 /* CustomNavigationBarView.xib */ = {isa = PBXFileReference; lastKnownFileType = file.xib; path = CustomNavigationBarView.xib; sourceTree = "<group>"; };
		3621927D2240D3F600336445 /* CustomNavigationBarView.swift */ = {isa = PBXFileReference; lastKnownFileType = sourcecode.swift; path = CustomNavigationBarView.swift; sourceTree = "<group>"; };
		362192802240D9DE00336445 /* InformationUserAccountPayView.xib */ = {isa = PBXFileReference; lastKnownFileType = file.xib; path = InformationUserAccountPayView.xib; sourceTree = "<group>"; };
		362192822240D9ED00336445 /* InformationUserAccountPayView.swift */ = {isa = PBXFileReference; lastKnownFileType = sourcecode.swift; path = InformationUserAccountPayView.swift; sourceTree = "<group>"; };
		36305392223A41A80028715F /* Handyman.app */ = {isa = PBXFileReference; explicitFileType = wrapper.application; includeInIndex = 0; path = Handyman.app; sourceTree = BUILT_PRODUCTS_DIR; };
		36305395223A41A80028715F /* AppDelegate.swift */ = {isa = PBXFileReference; lastKnownFileType = sourcecode.swift; path = AppDelegate.swift; sourceTree = "<group>"; };
		36305397223A41A80028715F /* ViewController.swift */ = {isa = PBXFileReference; lastKnownFileType = sourcecode.swift; path = ViewController.swift; sourceTree = "<group>"; };
		3630539A223A41A80028715F /* Base */ = {isa = PBXFileReference; lastKnownFileType = file.storyboard; name = Base; path = Base.lproj/Main.storyboard; sourceTree = "<group>"; };
		3630539C223A41AB0028715F /* Assets.xcassets */ = {isa = PBXFileReference; lastKnownFileType = folder.assetcatalog; path = Assets.xcassets; sourceTree = "<group>"; };
		3630539F223A41AB0028715F /* Base */ = {isa = PBXFileReference; lastKnownFileType = file.storyboard; name = Base; path = Base.lproj/LaunchScreen.storyboard; sourceTree = "<group>"; };
		363053A1223A41AB0028715F /* Info.plist */ = {isa = PBXFileReference; lastKnownFileType = text.plist.xml; path = Info.plist; sourceTree = "<group>"; };
		363053A6223A41AB0028715F /* HandymanTests.xctest */ = {isa = PBXFileReference; explicitFileType = wrapper.cfbundle; includeInIndex = 0; path = HandymanTests.xctest; sourceTree = BUILT_PRODUCTS_DIR; };
		363053AA223A41AB0028715F /* HandymanTests.swift */ = {isa = PBXFileReference; lastKnownFileType = sourcecode.swift; path = HandymanTests.swift; sourceTree = "<group>"; };
		363053AC223A41AB0028715F /* Info.plist */ = {isa = PBXFileReference; lastKnownFileType = text.plist.xml; path = Info.plist; sourceTree = "<group>"; };
		363053B1223A41AB0028715F /* HandymanUITests.xctest */ = {isa = PBXFileReference; explicitFileType = wrapper.cfbundle; includeInIndex = 0; path = HandymanUITests.xctest; sourceTree = BUILT_PRODUCTS_DIR; };
		363053B5223A41AB0028715F /* HandymanUITests.swift */ = {isa = PBXFileReference; lastKnownFileType = sourcecode.swift; path = HandymanUITests.swift; sourceTree = "<group>"; };
		363053B7223A41AB0028715F /* Info.plist */ = {isa = PBXFileReference; lastKnownFileType = text.plist.xml; path = Info.plist; sourceTree = "<group>"; };
		363053C4223A41E30028715F /* RegisterViewController.storyboard */ = {isa = PBXFileReference; lastKnownFileType = file.storyboard; path = RegisterViewController.storyboard; sourceTree = "<group>"; };
		366328BE2244898B00E82CBA /* ActivePayoutViewController.storyboard */ = {isa = PBXFileReference; lastKnownFileType = file.storyboard; path = ActivePayoutViewController.storyboard; sourceTree = "<group>"; };
		366328C02244899F00E82CBA /* ActivePayoutViewController.swift */ = {isa = PBXFileReference; lastKnownFileType = sourcecode.swift; path = ActivePayoutViewController.swift; sourceTree = "<group>"; };
		366328C3224496FF00E82CBA /* FillPayoutViewController.storyboard */ = {isa = PBXFileReference; lastKnownFileType = file.storyboard; path = FillPayoutViewController.storyboard; sourceTree = "<group>"; };
		366328C52244971300E82CBA /* FillPayoutViewController.swift */ = {isa = PBXFileReference; lastKnownFileType = sourcecode.swift; path = FillPayoutViewController.swift; sourceTree = "<group>"; };
		367E09E2223B4A030095680E /* RegisterViewController.swift */ = {isa = PBXFileReference; lastKnownFileType = sourcecode.swift; path = RegisterViewController.swift; sourceTree = "<group>"; };
		367E09E4223B4AAB0095680E /* LoginViewController.storyboard */ = {isa = PBXFileReference; lastKnownFileType = file.storyboard; path = LoginViewController.storyboard; sourceTree = "<group>"; };
		367E09E7223B4B760095680E /* NavigationBarView.xib */ = {isa = PBXFileReference; lastKnownFileType = file.xib; path = NavigationBarView.xib; sourceTree = "<group>"; };
		367E09E9223B4B970095680E /* NavigationBarView.swift */ = {isa = PBXFileReference; lastKnownFileType = sourcecode.swift; path = NavigationBarView.swift; sourceTree = "<group>"; };
		367E09ED223B4CD80095680E /* UIView+Extension.swift */ = {isa = PBXFileReference; lastKnownFileType = sourcecode.swift; path = "UIView+Extension.swift"; sourceTree = "<group>"; };
		367E09EF223B4D8D0095680E /* NSObject+Extension.swift */ = {isa = PBXFileReference; lastKnownFileType = sourcecode.swift; path = "NSObject+Extension.swift"; sourceTree = "<group>"; };
		367E09F1223B4DBE0095680E /* UIVIewController+Extension.swift */ = {isa = PBXFileReference; lastKnownFileType = sourcecode.swift; path = "UIVIewController+Extension.swift"; sourceTree = "<group>"; };
		3686D9EB2243295900123082 /* BaseTutorialViewController.swift */ = {isa = PBXFileReference; lastKnownFileType = sourcecode.swift; path = BaseTutorialViewController.swift; sourceTree = "<group>"; };
		3686D9EE2243324200123082 /* Constants.swift */ = {isa = PBXFileReference; lastKnownFileType = sourcecode.swift; path = Constants.swift; sourceTree = "<group>"; };
		3686D9F0224366B400123082 /* AddPayoutTableViewController.swift */ = {isa = PBXFileReference; lastKnownFileType = sourcecode.swift; path = AddPayoutTableViewController.swift; sourceTree = "<group>"; };
		3686D9F32243672F00123082 /* CardView.xib */ = {isa = PBXFileReference; lastKnownFileType = file.xib; path = CardView.xib; sourceTree = "<group>"; };
		3686D9F52243674200123082 /* CardView.swift */ = {isa = PBXFileReference; lastKnownFileType = sourcecode.swift; path = CardView.swift; sourceTree = "<group>"; };
		3686D9F8224376E400123082 /* AddNewPayoutTableViewController.storyboard */ = {isa = PBXFileReference; lastKnownFileType = file.storyboard; path = AddNewPayoutTableViewController.storyboard; sourceTree = "<group>"; };
		3686D9FA2243770200123082 /* AddNewPayoutTableViewController.swift */ = {isa = PBXFileReference; lastKnownFileType = sourcecode.swift; path = AddNewPayoutTableViewController.swift; sourceTree = "<group>"; };
		3686D9FE2243969B00123082 /* DatePickerView.xib */ = {isa = PBXFileReference; lastKnownFileType = file.xib; path = DatePickerView.xib; sourceTree = "<group>"; };
		3686DA00224396B000123082 /* DatePickerView.swift */ = {isa = PBXFileReference; lastKnownFileType = sourcecode.swift; path = DatePickerView.swift; sourceTree = "<group>"; };
		36E170CC223B4EF9007BE333 /* UIColor+Extension.swift */ = {isa = PBXFileReference; lastKnownFileType = sourcecode.swift; path = "UIColor+Extension.swift"; sourceTree = "<group>"; };
		36E170CE223B5FE8007BE333 /* LoginViewController.swift */ = {isa = PBXFileReference; lastKnownFileType = sourcecode.swift; path = LoginViewController.swift; sourceTree = "<group>"; };
		36E170D0223B618F007BE333 /* RootViewController.swift */ = {isa = PBXFileReference; lastKnownFileType = sourcecode.swift; path = RootViewController.swift; sourceTree = "<group>"; };
		36E170D2223B7BBA007BE333 /* SignUpViewController.storyboard */ = {isa = PBXFileReference; lastKnownFileType = file.storyboard; path = SignUpViewController.storyboard; sourceTree = "<group>"; };
		36E170D7223B7C63007BE333 /* SignUpViewController.swift */ = {isa = PBXFileReference; lastKnownFileType = sourcecode.swift; path = SignUpViewController.swift; sourceTree = "<group>"; };
		36E170D9223B9439007BE333 /* PasswordView.xib */ = {isa = PBXFileReference; lastKnownFileType = file.xib; path = PasswordView.xib; sourceTree = "<group>"; };
		36E170DB223B9452007BE333 /* PasswordView.swift */ = {isa = PBXFileReference; lastKnownFileType = sourcecode.swift; path = PasswordView.swift; sourceTree = "<group>"; };
		36E170DF223B9B46007BE333 /* EmailView.xib */ = {isa = PBXFileReference; lastKnownFileType = file.xib; path = EmailView.xib; sourceTree = "<group>"; };
		36E170E1223B9B5E007BE333 /* EmailView.swift */ = {isa = PBXFileReference; lastKnownFileType = sourcecode.swift; path = EmailView.swift; sourceTree = "<group>"; };
		36E170E4223BA01E007BE333 /* ForgotPasswordViewController.storyboard */ = {isa = PBXFileReference; lastKnownFileType = file.storyboard; path = ForgotPasswordViewController.storyboard; sourceTree = "<group>"; };
		36E170E6223BA08B007BE333 /* ForgotPasswordViewController.swift */ = {isa = PBXFileReference; lastKnownFileType = sourcecode.swift; path = ForgotPasswordViewController.swift; sourceTree = "<group>"; };
		36E170E9223BACBA007BE333 /* StartViewController.storyboard */ = {isa = PBXFileReference; lastKnownFileType = file.storyboard; path = StartViewController.storyboard; sourceTree = "<group>"; };
		36E170EB223BACCC007BE333 /* StartViewController.swift */ = {isa = PBXFileReference; lastKnownFileType = sourcecode.swift; path = StartViewController.swift; sourceTree = "<group>"; };
/* End PBXFileReference section */

/* Begin PBXFrameworksBuildPhase section */
		3630538F223A41A80028715F /* Frameworks */ = {
			isa = PBXFrameworksBuildPhase;
			buildActionMask = 2147483647;
			files = (
			);
			runOnlyForDeploymentPostprocessing = 0;
		};
		363053A3223A41AB0028715F /* Frameworks */ = {
			isa = PBXFrameworksBuildPhase;
			buildActionMask = 2147483647;
			files = (
			);
			runOnlyForDeploymentPostprocessing = 0;
		};
		363053AE223A41AB0028715F /* Frameworks */ = {
			isa = PBXFrameworksBuildPhase;
			buildActionMask = 2147483647;
			files = (
			);
			runOnlyForDeploymentPostprocessing = 0;
		};
/* End PBXFrameworksBuildPhase section */

/* Begin PBXGroup section */
		360D705E22423013009F2B5C /* Font */ = {
			isa = PBXGroup;
			children = (
				360D703822422EC0009F2B5C /* SourceSansPro-Black.otf */,
				360D703222422EBF009F2B5C /* SourceSansPro-BlackIt.otf */,
				360D703C22422EC0009F2B5C /* SourceSansPro-Bold.otf */,
				360D703722422EC0009F2B5C /* SourceSansPro-BoldIt.otf */,
				360D703922422EC0009F2B5C /* SourceSansPro-ExtraLight.otf */,
				360D703422422EBF009F2B5C /* SourceSansPro-ExtraLightIt.otf */,
				360D703A22422EC0009F2B5C /* SourceSansPro-It.otf */,
				360D703622422EC0009F2B5C /* SourceSansPro-Light.otf */,
				360D703B22422EC0009F2B5C /* SourceSansPro-LightIt.otf */,
				360D703322422EBF009F2B5C /* SourceSansPro-Regular.otf */,
				360D703522422EBF009F2B5C /* SourceSansPro-SemiboldIt.otf */,
				360D702E22422E62009F2B5C /* SourceSansPro-Semibold.otf */,
			);
			path = Font;
			sourceTree = "<group>";
		};
		36219269224086F800336445 /* Tutorial */ = {
			isa = PBXGroup;
			children = (
				3621926A2240874400336445 /* TutorialViewController.storyboard */,
				3621926C2240875F00336445 /* TutorialViewController.swift */,
				3621926E224091D400336445 /* PageViewController.swift */,
				3686D9EB2243295900123082 /* BaseTutorialViewController.swift */,
			);
			path = Tutorial;
			sourceTree = "<group>";
		};
		362192712240A2D900336445 /* Active */ = {
			isa = PBXGroup;
			children = (
				362192722240A2F300336445 /* ActiveNewAccountViewController.storyboard */,
				362192742240A30F00336445 /* ActiveNewAccountViewController.swift */,
				366328BE2244898B00E82CBA /* ActivePayoutViewController.storyboard */,
				366328C02244899F00E82CBA /* ActivePayoutViewController.swift */,
			);
			path = Active;
			sourceTree = "<group>";
		};
		362192772240D35900336445 /* AddPayout */ = {
			isa = PBXGroup;
			children = (
				362192782240D37600336445 /* AddPayoutTableViewController.storyboard */,
				3686D9F0224366B400123082 /* AddPayoutTableViewController.swift */,
			);
			path = AddPayout;
			sourceTree = "<group>";
		};
		3621927A2240D3AC00336445 /* CustomNavigationBar */ = {
			isa = PBXGroup;
			children = (
				3621927B2240D3D500336445 /* CustomNavigationBarView.xib */,
				3621927D2240D3F600336445 /* CustomNavigationBarView.swift */,
			);
			path = CustomNavigationBar;
			sourceTree = "<group>";
		};
		3621927F2240D98700336445 /* InformationUserAccountPay */ = {
			isa = PBXGroup;
			children = (
				362192802240D9DE00336445 /* InformationUserAccountPayView.xib */,
				362192822240D9ED00336445 /* InformationUserAccountPayView.swift */,
			);
			path = InformationUserAccountPay;
			sourceTree = "<group>";
		};
		36305389223A41A80028715F = {
			isa = PBXGroup;
			children = (
				36305394223A41A80028715F /* Handyman */,
				363053A9223A41AB0028715F /* HandymanTests */,
				363053B4223A41AB0028715F /* HandymanUITests */,
				36305393223A41A80028715F /* Products */,
			);
			sourceTree = "<group>";
		};
		36305393223A41A80028715F /* Products */ = {
			isa = PBXGroup;
			children = (
				36305392223A41A80028715F /* Handyman.app */,
				363053A6223A41AB0028715F /* HandymanTests.xctest */,
				363053B1223A41AB0028715F /* HandymanUITests.xctest */,
			);
			name = Products;
			sourceTree = "<group>";
		};
		36305394223A41A80028715F /* Handyman */ = {
			isa = PBXGroup;
			children = (
				367E09EB223B4CB10095680E /* Ultilities */,
				367E09E6223B4B550095680E /* View */,
				36305395223A41A80028715F /* AppDelegate.swift */,
				363053C3223A41BA0028715F /* Controller */,
				36305397223A41A80028715F /* ViewController.swift */,
				36305399223A41A80028715F /* Main.storyboard */,
				3630539C223A41AB0028715F /* Assets.xcassets */,
				3630539E223A41AB0028715F /* LaunchScreen.storyboard */,
				363053A1223A41AB0028715F /* Info.plist */,
			);
			path = Handyman;
			sourceTree = "<group>";
		};
		363053A9223A41AB0028715F /* HandymanTests */ = {
			isa = PBXGroup;
			children = (
				363053AA223A41AB0028715F /* HandymanTests.swift */,
				363053AC223A41AB0028715F /* Info.plist */,
			);
			path = HandymanTests;
			sourceTree = "<group>";
		};
		363053B4223A41AB0028715F /* HandymanUITests */ = {
			isa = PBXGroup;
			children = (
				363053B5223A41AB0028715F /* HandymanUITests.swift */,
				363053B7223A41AB0028715F /* Info.plist */,
			);
			path = HandymanUITests;
			sourceTree = "<group>";
		};
		363053C3223A41BA0028715F /* Controller */ = {
			isa = PBXGroup;
			children = (
				36219269224086F800336445 /* Tutorial */,
				36E170E8223BAC82007BE333 /* Start */,
				36E170E3223BA005007BE333 /* Forgot Password */,
				36E170D6223B7C3C007BE333 /* SignUp */,
				36E170D5223B7C2D007BE333 /* Login */,
				36E170D4223B7C1C007BE333 /* Register */,
				36E170D0223B618F007BE333 /* RootViewController.swift */,
			);
			path = Controller;
			sourceTree = "<group>";
		};
		366328C2224496AE00E82CBA /* FillPayout */ = {
			isa = PBXGroup;
			children = (
				366328C3224496FF00E82CBA /* FillPayoutViewController.storyboard */,
				366328C52244971300E82CBA /* FillPayoutViewController.swift */,
			);
			path = FillPayout;
			sourceTree = "<group>";
		};
		367E09E6223B4B550095680E /* View */ = {
			isa = PBXGroup;
			children = (
				3686D9FC2243967300123082 /* DatePicker */,
				3686D9F2224366FF00123082 /* CardView */,
				3621927F2240D98700336445 /* InformationUserAccountPay */,
				3621927A2240D3AC00336445 /* CustomNavigationBar */,
				36E170DE223B9B35007BE333 /* Email */,
				36E170DD223B9458007BE333 /* Password */,
				367E09E7223B4B760095680E /* NavigationBarView.xib */,
				367E09E9223B4B970095680E /* NavigationBarView.swift */,
			);
			path = View;
			sourceTree = "<group>";
		};
		367E09EB223B4CB10095680E /* Ultilities */ = {
			isa = PBXGroup;
			children = (
				3686D9ED2243322B00123082 /* Constants */,
				360D705E22423013009F2B5C /* Font */,
				367E09EC223B4CB90095680E /* Extensions */,
			);
			path = Ultilities;
			sourceTree = "<group>";
		};
		367E09EC223B4CB90095680E /* Extensions */ = {
			isa = PBXGroup;
			children = (
				367E09ED223B4CD80095680E /* UIView+Extension.swift */,
				367E09EF223B4D8D0095680E /* NSObject+Extension.swift */,
				367E09F1223B4DBE0095680E /* UIVIewController+Extension.swift */,
				36E170CC223B4EF9007BE333 /* UIColor+Extension.swift */,
				360D702C224228E4009F2B5C /* NSMutableAttributedString+Extension.swift */,
			);
			path = Extensions;
			sourceTree = "<group>";
		};
		3686D9ED2243322B00123082 /* Constants */ = {
			isa = PBXGroup;
			children = (
				3686D9EE2243324200123082 /* Constants.swift */,
			);
			path = Constants;
			sourceTree = "<group>";
		};
		3686D9F2224366FF00123082 /* CardView */ = {
			isa = PBXGroup;
			children = (
				3686D9F32243672F00123082 /* CardView.xib */,
				3686D9F52243674200123082 /* CardView.swift */,
			);
			path = CardView;
			sourceTree = "<group>";
		};
		3686D9F7224376B100123082 /* AddNewPayout */ = {
			isa = PBXGroup;
			children = (
				3686D9F8224376E400123082 /* AddNewPayoutTableViewController.storyboard */,
				3686D9FA2243770200123082 /* AddNewPayoutTableViewController.swift */,
			);
			path = AddNewPayout;
			sourceTree = "<group>";
		};
		3686D9FC2243967300123082 /* DatePicker */ = {
			isa = PBXGroup;
			children = (
				3686D9FE2243969B00123082 /* DatePickerView.xib */,
				3686DA00224396B000123082 /* DatePickerView.swift */,
			);
			path = DatePicker;
			sourceTree = "<group>";
		};
		36E170D4223B7C1C007BE333 /* Register */ = {
			isa = PBXGroup;
			children = (
				363053C4223A41E30028715F /* RegisterViewController.storyboard */,
				367E09E2223B4A030095680E /* RegisterViewController.swift */,
			);
			path = Register;
			sourceTree = "<group>";
		};
		36E170D5223B7C2D007BE333 /* Login */ = {
			isa = PBXGroup;
			children = (
				367E09E4223B4AAB0095680E /* LoginViewController.storyboard */,
				36E170CE223B5FE8007BE333 /* LoginViewController.swift */,
			);
			path = Login;
			sourceTree = "<group>";
		};
		36E170D6223B7C3C007BE333 /* SignUp */ = {
			isa = PBXGroup;
			children = (
				366328C2224496AE00E82CBA /* FillPayout */,
				3686D9F7224376B100123082 /* AddNewPayout */,
				362192772240D35900336445 /* AddPayout */,
				362192712240A2D900336445 /* Active */,
				36E170D2223B7BBA007BE333 /* SignUpViewController.storyboard */,
				36E170D7223B7C63007BE333 /* SignUpViewController.swift */,
			);
			path = SignUp;
			sourceTree = "<group>";
		};
		36E170DD223B9458007BE333 /* Password */ = {
			isa = PBXGroup;
			children = (
				36E170D9223B9439007BE333 /* PasswordView.xib */,
				36E170DB223B9452007BE333 /* PasswordView.swift */,
			);
			path = Password;
			sourceTree = "<group>";
		};
		36E170DE223B9B35007BE333 /* Email */ = {
			isa = PBXGroup;
			children = (
				36E170DF223B9B46007BE333 /* EmailView.xib */,
				36E170E1223B9B5E007BE333 /* EmailView.swift */,
			);
			path = Email;
			sourceTree = "<group>";
		};
		36E170E3223BA005007BE333 /* Forgot Password */ = {
			isa = PBXGroup;
			children = (
				36E170E4223BA01E007BE333 /* ForgotPasswordViewController.storyboard */,
				36E170E6223BA08B007BE333 /* ForgotPasswordViewController.swift */,
			);
			path = "Forgot Password";
			sourceTree = "<group>";
		};
		36E170E8223BAC82007BE333 /* Start */ = {
			isa = PBXGroup;
			children = (
				36E170E9223BACBA007BE333 /* StartViewController.storyboard */,
				36E170EB223BACCC007BE333 /* StartViewController.swift */,
			);
			path = Start;
			sourceTree = "<group>";
		};
/* End PBXGroup section */

/* Begin PBXNativeTarget section */
		36305391223A41A80028715F /* Handyman */ = {
			isa = PBXNativeTarget;
			buildConfigurationList = 363053BA223A41AB0028715F /* Build configuration list for PBXNativeTarget "Handyman" */;
			buildPhases = (
				3630538E223A41A80028715F /* Sources */,
				3630538F223A41A80028715F /* Frameworks */,
				36305390223A41A80028715F /* Resources */,
			);
			buildRules = (
			);
			dependencies = (
			);
			name = Handyman;
			productName = Handyman;
			productReference = 36305392223A41A80028715F /* Handyman.app */;
			productType = "com.apple.product-type.application";
		};
		363053A5223A41AB0028715F /* HandymanTests */ = {
			isa = PBXNativeTarget;
			buildConfigurationList = 363053BD223A41AB0028715F /* Build configuration list for PBXNativeTarget "HandymanTests" */;
			buildPhases = (
				363053A2223A41AB0028715F /* Sources */,
				363053A3223A41AB0028715F /* Frameworks */,
				363053A4223A41AB0028715F /* Resources */,
			);
			buildRules = (
			);
			dependencies = (
				363053A8223A41AB0028715F /* PBXTargetDependency */,
			);
			name = HandymanTests;
			productName = HandymanTests;
			productReference = 363053A6223A41AB0028715F /* HandymanTests.xctest */;
			productType = "com.apple.product-type.bundle.unit-test";
		};
		363053B0223A41AB0028715F /* HandymanUITests */ = {
			isa = PBXNativeTarget;
			buildConfigurationList = 363053C0223A41AB0028715F /* Build configuration list for PBXNativeTarget "HandymanUITests" */;
			buildPhases = (
				363053AD223A41AB0028715F /* Sources */,
				363053AE223A41AB0028715F /* Frameworks */,
				363053AF223A41AB0028715F /* Resources */,
			);
			buildRules = (
			);
			dependencies = (
				363053B3223A41AB0028715F /* PBXTargetDependency */,
			);
			name = HandymanUITests;
			productName = HandymanUITests;
			productReference = 363053B1223A41AB0028715F /* HandymanUITests.xctest */;
			productType = "com.apple.product-type.bundle.ui-testing";
		};
/* End PBXNativeTarget section */

/* Begin PBXProject section */
		3630538A223A41A80028715F /* Project object */ = {
			isa = PBXProject;
			attributes = {
				LastSwiftUpdateCheck = 0940;
				LastUpgradeCheck = 0940;
				ORGANIZATIONNAME = LTT;
				TargetAttributes = {
					36305391223A41A80028715F = {
						CreatedOnToolsVersion = 9.4.1;
					};
					363053A5223A41AB0028715F = {
						CreatedOnToolsVersion = 9.4.1;
						TestTargetID = 36305391223A41A80028715F;
					};
					363053B0223A41AB0028715F = {
						CreatedOnToolsVersion = 9.4.1;
						TestTargetID = 36305391223A41A80028715F;
					};
				};
			};
			buildConfigurationList = 3630538D223A41A80028715F /* Build configuration list for PBXProject "Handyman" */;
			compatibilityVersion = "Xcode 9.3";
			developmentRegion = en;
			hasScannedForEncodings = 0;
			knownRegions = (
				en,
				Base,
			);
			mainGroup = 36305389223A41A80028715F;
			productRefGroup = 36305393223A41A80028715F /* Products */;
			projectDirPath = "";
			projectRoot = "";
			targets = (
				36305391223A41A80028715F /* Handyman */,
				363053A5223A41AB0028715F /* HandymanTests */,
				363053B0223A41AB0028715F /* HandymanUITests */,
			);
		};
/* End PBXProject section */

/* Begin PBXResourcesBuildPhase section */
		36305390223A41A80028715F /* Resources */ = {
			isa = PBXResourcesBuildPhase;
			buildActionMask = 2147483647;
			files = (
				360D705522422EC0009F2B5C /* SourceSansPro-It.otf in Resources */,
				3686D9F42243672F00123082 /* CardView.xib in Resources */,
				360D703D22422EC0009F2B5C /* SourceSansPro-BlackIt.otf in Resources */,
				367E09E8223B4B760095680E /* NavigationBarView.xib in Resources */,
				362192792240D37600336445 /* AddPayoutTableViewController.storyboard in Resources */,
				360D704C22422EC0009F2B5C /* SourceSansPro-BoldIt.otf in Resources */,
				363053C5223A41E30028715F /* RegisterViewController.storyboard in Resources */,
				36E170EA223BACBA007BE333 /* StartViewController.storyboard in Resources */,
				363053A0223A41AB0028715F /* LaunchScreen.storyboard in Resources */,
				360D704F22422EC0009F2B5C /* SourceSansPro-Black.otf in Resources */,
				360D704022422EC0009F2B5C /* SourceSansPro-Regular.otf in Resources */,
				3621926B2240874400336445 /* TutorialViewController.storyboard in Resources */,
				360D705222422EC0009F2B5C /* SourceSansPro-ExtraLight.otf in Resources */,
				360D705822422EC0009F2B5C /* SourceSansPro-LightIt.otf in Resources */,
				360D704922422EC0009F2B5C /* SourceSansPro-Light.otf in Resources */,
				36E170D3223B7BBA007BE333 /* SignUpViewController.storyboard in Resources */,
				3621927C2240D3D500336445 /* CustomNavigationBarView.xib in Resources */,
				360D702F22422E62009F2B5C /* SourceSansPro-Semibold.otf in Resources */,
				36E170E0223B9B46007BE333 /* EmailView.xib in Resources */,
				3686D9FF2243969B00123082 /* DatePickerView.xib in Resources */,
				36E170E5223BA01E007BE333 /* ForgotPasswordViewController.storyboard in Resources */,
				36E170DA223B9439007BE333 /* PasswordView.xib in Resources */,
				362192812240D9DE00336445 /* InformationUserAccountPayView.xib in Resources */,
				362192732240A2F300336445 /* ActiveNewAccountViewController.storyboard in Resources */,
				360D705B22422EC0009F2B5C /* SourceSansPro-Bold.otf in Resources */,
				366328BF2244898B00E82CBA /* ActivePayoutViewController.storyboard in Resources */,
				367E09E5223B4AAB0095680E /* LoginViewController.storyboard in Resources */,
				3630539D223A41AB0028715F /* Assets.xcassets in Resources */,
				360D704322422EC0009F2B5C /* SourceSansPro-ExtraLightIt.otf in Resources */,
				3686D9F9224376E400123082 /* AddNewPayoutTableViewController.storyboard in Resources */,
				360D704622422EC0009F2B5C /* SourceSansPro-SemiboldIt.otf in Resources */,
				3630539B223A41A80028715F /* Main.storyboard in Resources */,
				366328C4224496FF00E82CBA /* FillPayoutViewController.storyboard in Resources */,
			);
			runOnlyForDeploymentPostprocessing = 0;
		};
		363053A4223A41AB0028715F /* Resources */ = {
			isa = PBXResourcesBuildPhase;
			buildActionMask = 2147483647;
			files = (
				360D705622422EC0009F2B5C /* SourceSansPro-It.otf in Resources */,
				360D704A22422EC0009F2B5C /* SourceSansPro-Light.otf in Resources */,
				360D705922422EC0009F2B5C /* SourceSansPro-LightIt.otf in Resources */,
				360D703E22422EC0009F2B5C /* SourceSansPro-BlackIt.otf in Resources */,
				360D705322422EC0009F2B5C /* SourceSansPro-ExtraLight.otf in Resources */,
				360D704D22422EC0009F2B5C /* SourceSansPro-BoldIt.otf in Resources */,
				360D703022422E62009F2B5C /* SourceSansPro-Semibold.otf in Resources */,
				360D704422422EC0009F2B5C /* SourceSansPro-ExtraLightIt.otf in Resources */,
				360D704122422EC0009F2B5C /* SourceSansPro-Regular.otf in Resources */,
				360D704722422EC0009F2B5C /* SourceSansPro-SemiboldIt.otf in Resources */,
				360D705C22422EC0009F2B5C /* SourceSansPro-Bold.otf in Resources */,
				360D705022422EC0009F2B5C /* SourceSansPro-Black.otf in Resources */,
			);
			runOnlyForDeploymentPostprocessing = 0;
		};
		363053AF223A41AB0028715F /* Resources */ = {
			isa = PBXResourcesBuildPhase;
			buildActionMask = 2147483647;
			files = (
				360D705722422EC0009F2B5C /* SourceSansPro-It.otf in Resources */,
				360D704B22422EC0009F2B5C /* SourceSansPro-Light.otf in Resources */,
				360D705A22422EC0009F2B5C /* SourceSansPro-LightIt.otf in Resources */,
				360D703F22422EC0009F2B5C /* SourceSansPro-BlackIt.otf in Resources */,
				360D705422422EC0009F2B5C /* SourceSansPro-ExtraLight.otf in Resources */,
				360D704E22422EC0009F2B5C /* SourceSansPro-BoldIt.otf in Resources */,
				360D703122422E62009F2B5C /* SourceSansPro-Semibold.otf in Resources */,
				360D704522422EC0009F2B5C /* SourceSansPro-ExtraLightIt.otf in Resources */,
				360D704222422EC0009F2B5C /* SourceSansPro-Regular.otf in Resources */,
				360D704822422EC0009F2B5C /* SourceSansPro-SemiboldIt.otf in Resources */,
				360D705D22422EC0009F2B5C /* SourceSansPro-Bold.otf in Resources */,
				360D705122422EC0009F2B5C /* SourceSansPro-Black.otf in Resources */,
			);
			runOnlyForDeploymentPostprocessing = 0;
		};
/* End PBXResourcesBuildPhase section */

/* Begin PBXSourcesBuildPhase section */
		3630538E223A41A80028715F /* Sources */ = {
			isa = PBXSourcesBuildPhase;
			buildActionMask = 2147483647;
			files = (
				3686D9FB2243770200123082 /* AddNewPayoutTableViewController.swift in Sources */,
				36E170E2223B9B5E007BE333 /* EmailView.swift in Sources */,
				36E170D8223B7C63007BE333 /* SignUpViewController.swift in Sources */,
				3686D9EC2243295900123082 /* BaseTutorialViewController.swift in Sources */,
				36E170D1223B618F007BE333 /* RootViewController.swift in Sources */,
				36E170CF223B5FE8007BE333 /* LoginViewController.swift in Sources */,
				367E09F2223B4DBE0095680E /* UIVIewController+Extension.swift in Sources */,
				3686D9EF2243324200123082 /* Constants.swift in Sources */,
				366328C12244899F00E82CBA /* ActivePayoutViewController.swift in Sources */,
				36E170EC223BACCC007BE333 /* StartViewController.swift in Sources */,
				367E09E3223B4A030095680E /* RegisterViewController.swift in Sources */,
				36305398223A41A80028715F /* ViewController.swift in Sources */,
				3686D9F1224366B400123082 /* AddPayoutTableViewController.swift in Sources */,
				3621927E2240D3F600336445 /* CustomNavigationBarView.swift in Sources */,
				362192832240D9ED00336445 /* InformationUserAccountPayView.swift in Sources */,
				3621926F224091D400336445 /* PageViewController.swift in Sources */,
				3686D9F62243674200123082 /* CardView.swift in Sources */,
				360D702D224228E4009F2B5C /* NSMutableAttributedString+Extension.swift in Sources */,
				367E09EA223B4B970095680E /* NavigationBarView.swift in Sources */,
				36E170E7223BA08B007BE333 /* ForgotPasswordViewController.swift in Sources */,
				3621926D2240875F00336445 /* TutorialViewController.swift in Sources */,
				366328C62244971300E82CBA /* FillPayoutViewController.swift in Sources */,
				36E170DC223B9452007BE333 /* PasswordView.swift in Sources */,
				3686DA01224396B000123082 /* DatePickerView.swift in Sources */,
				362192752240A30F00336445 /* ActiveNewAccountViewController.swift in Sources */,
				367E09EE223B4CD80095680E /* UIView+Extension.swift in Sources */,
				36305396223A41A80028715F /* AppDelegate.swift in Sources */,
				367E09F0223B4D8D0095680E /* NSObject+Extension.swift in Sources */,
				36E170CD223B4EF9007BE333 /* UIColor+Extension.swift in Sources */,
			);
			runOnlyForDeploymentPostprocessing = 0;
		};
		363053A2223A41AB0028715F /* Sources */ = {
			isa = PBXSourcesBuildPhase;
			buildActionMask = 2147483647;
			files = (
				363053AB223A41AB0028715F /* HandymanTests.swift in Sources */,
			);
			runOnlyForDeploymentPostprocessing = 0;
		};
		363053AD223A41AB0028715F /* Sources */ = {
			isa = PBXSourcesBuildPhase;
			buildActionMask = 2147483647;
			files = (
				363053B6223A41AB0028715F /* HandymanUITests.swift in Sources */,
			);
			runOnlyForDeploymentPostprocessing = 0;
		};
/* End PBXSourcesBuildPhase section */

/* Begin PBXTargetDependency section */
		363053A8223A41AB0028715F /* PBXTargetDependency */ = {
			isa = PBXTargetDependency;
			target = 36305391223A41A80028715F /* Handyman */;
			targetProxy = 363053A7223A41AB0028715F /* PBXContainerItemProxy */;
		};
		363053B3223A41AB0028715F /* PBXTargetDependency */ = {
			isa = PBXTargetDependency;
			target = 36305391223A41A80028715F /* Handyman */;
			targetProxy = 363053B2223A41AB0028715F /* PBXContainerItemProxy */;
		};
/* End PBXTargetDependency section */

/* Begin PBXVariantGroup section */
		36305399223A41A80028715F /* Main.storyboard */ = {
			isa = PBXVariantGroup;
			children = (
				3630539A223A41A80028715F /* Base */,
			);
			name = Main.storyboard;
			sourceTree = "<group>";
		};
		3630539E223A41AB0028715F /* LaunchScreen.storyboard */ = {
			isa = PBXVariantGroup;
			children = (
				3630539F223A41AB0028715F /* Base */,
			);
			name = LaunchScreen.storyboard;
			sourceTree = "<group>";
		};
/* End PBXVariantGroup section */

/* Begin XCBuildConfiguration section */
		363053B8223A41AB0028715F /* Debug */ = {
			isa = XCBuildConfiguration;
			buildSettings = {
				ALWAYS_SEARCH_USER_PATHS = NO;
				CLANG_ANALYZER_NONNULL = YES;
				CLANG_ANALYZER_NUMBER_OBJECT_CONVERSION = YES_AGGRESSIVE;
				CLANG_CXX_LANGUAGE_STANDARD = "gnu++14";
				CLANG_CXX_LIBRARY = "libc++";
				CLANG_ENABLE_MODULES = YES;
				CLANG_ENABLE_OBJC_ARC = YES;
				CLANG_ENABLE_OBJC_WEAK = YES;
				CLANG_WARN_BLOCK_CAPTURE_AUTORELEASING = YES;
				CLANG_WARN_BOOL_CONVERSION = YES;
				CLANG_WARN_COMMA = YES;
				CLANG_WARN_CONSTANT_CONVERSION = YES;
				CLANG_WARN_DEPRECATED_OBJC_IMPLEMENTATIONS = YES;
				CLANG_WARN_DIRECT_OBJC_ISA_USAGE = YES_ERROR;
				CLANG_WARN_DOCUMENTATION_COMMENTS = YES;
				CLANG_WARN_EMPTY_BODY = YES;
				CLANG_WARN_ENUM_CONVERSION = YES;
				CLANG_WARN_INFINITE_RECURSION = YES;
				CLANG_WARN_INT_CONVERSION = YES;
				CLANG_WARN_NON_LITERAL_NULL_CONVERSION = YES;
				CLANG_WARN_OBJC_IMPLICIT_RETAIN_SELF = YES;
				CLANG_WARN_OBJC_LITERAL_CONVERSION = YES;
				CLANG_WARN_OBJC_ROOT_CLASS = YES_ERROR;
				CLANG_WARN_RANGE_LOOP_ANALYSIS = YES;
				CLANG_WARN_STRICT_PROTOTYPES = YES;
				CLANG_WARN_SUSPICIOUS_MOVE = YES;
				CLANG_WARN_UNGUARDED_AVAILABILITY = YES_AGGRESSIVE;
				CLANG_WARN_UNREACHABLE_CODE = YES;
				CLANG_WARN__DUPLICATE_METHOD_MATCH = YES;
				CODE_SIGN_IDENTITY = "iPhone Developer";
				COPY_PHASE_STRIP = NO;
				DEBUG_INFORMATION_FORMAT = dwarf;
				ENABLE_STRICT_OBJC_MSGSEND = YES;
				ENABLE_TESTABILITY = YES;
				GCC_C_LANGUAGE_STANDARD = gnu11;
				GCC_DYNAMIC_NO_PIC = NO;
				GCC_NO_COMMON_BLOCKS = YES;
				GCC_OPTIMIZATION_LEVEL = 0;
				GCC_PREPROCESSOR_DEFINITIONS = (
					"DEBUG=1",
					"$(inherited)",
				);
				GCC_WARN_64_TO_32_BIT_CONVERSION = YES;
				GCC_WARN_ABOUT_RETURN_TYPE = YES_ERROR;
				GCC_WARN_UNDECLARED_SELECTOR = YES;
				GCC_WARN_UNINITIALIZED_AUTOS = YES_AGGRESSIVE;
				GCC_WARN_UNUSED_FUNCTION = YES;
				GCC_WARN_UNUSED_VARIABLE = YES;
				IPHONEOS_DEPLOYMENT_TARGET = 11.4;
				MTL_ENABLE_DEBUG_INFO = YES;
				ONLY_ACTIVE_ARCH = YES;
				SDKROOT = iphoneos;
				SWIFT_ACTIVE_COMPILATION_CONDITIONS = DEBUG;
				SWIFT_OPTIMIZATION_LEVEL = "-Onone";
			};
			name = Debug;
		};
		363053B9223A41AB0028715F /* Release */ = {
			isa = XCBuildConfiguration;
			buildSettings = {
				ALWAYS_SEARCH_USER_PATHS = NO;
				CLANG_ANALYZER_NONNULL = YES;
				CLANG_ANALYZER_NUMBER_OBJECT_CONVERSION = YES_AGGRESSIVE;
				CLANG_CXX_LANGUAGE_STANDARD = "gnu++14";
				CLANG_CXX_LIBRARY = "libc++";
				CLANG_ENABLE_MODULES = YES;
				CLANG_ENABLE_OBJC_ARC = YES;
				CLANG_ENABLE_OBJC_WEAK = YES;
				CLANG_WARN_BLOCK_CAPTURE_AUTORELEASING = YES;
				CLANG_WARN_BOOL_CONVERSION = YES;
				CLANG_WARN_COMMA = YES;
				CLANG_WARN_CONSTANT_CONVERSION = YES;
				CLANG_WARN_DEPRECATED_OBJC_IMPLEMENTATIONS = YES;
				CLANG_WARN_DIRECT_OBJC_ISA_USAGE = YES_ERROR;
				CLANG_WARN_DOCUMENTATION_COMMENTS = YES;
				CLANG_WARN_EMPTY_BODY = YES;
				CLANG_WARN_ENUM_CONVERSION = YES;
				CLANG_WARN_INFINITE_RECURSION = YES;
				CLANG_WARN_INT_CONVERSION = YES;
				CLANG_WARN_NON_LITERAL_NULL_CONVERSION = YES;
				CLANG_WARN_OBJC_IMPLICIT_RETAIN_SELF = YES;
				CLANG_WARN_OBJC_LITERAL_CONVERSION = YES;
				CLANG_WARN_OBJC_ROOT_CLASS = YES_ERROR;
				CLANG_WARN_RANGE_LOOP_ANALYSIS = YES;
				CLANG_WARN_STRICT_PROTOTYPES = YES;
				CLANG_WARN_SUSPICIOUS_MOVE = YES;
				CLANG_WARN_UNGUARDED_AVAILABILITY = YES_AGGRESSIVE;
				CLANG_WARN_UNREACHABLE_CODE = YES;
				CLANG_WARN__DUPLICATE_METHOD_MATCH = YES;
				CODE_SIGN_IDENTITY = "iPhone Developer";
				COPY_PHASE_STRIP = NO;
				DEBUG_INFORMATION_FORMAT = "dwarf-with-dsym";
				ENABLE_NS_ASSERTIONS = NO;
				ENABLE_STRICT_OBJC_MSGSEND = YES;
				GCC_C_LANGUAGE_STANDARD = gnu11;
				GCC_NO_COMMON_BLOCKS = YES;
				GCC_WARN_64_TO_32_BIT_CONVERSION = YES;
				GCC_WARN_ABOUT_RETURN_TYPE = YES_ERROR;
				GCC_WARN_UNDECLARED_SELECTOR = YES;
				GCC_WARN_UNINITIALIZED_AUTOS = YES_AGGRESSIVE;
				GCC_WARN_UNUSED_FUNCTION = YES;
				GCC_WARN_UNUSED_VARIABLE = YES;
				IPHONEOS_DEPLOYMENT_TARGET = 11.4;
				MTL_ENABLE_DEBUG_INFO = NO;
				SDKROOT = iphoneos;
				SWIFT_COMPILATION_MODE = wholemodule;
				SWIFT_OPTIMIZATION_LEVEL = "-O";
				VALIDATE_PRODUCT = YES;
			};
			name = Release;
		};
		363053BB223A41AB0028715F /* Debug */ = {
			isa = XCBuildConfiguration;
			buildSettings = {
				ASSETCATALOG_COMPILER_APPICON_NAME = AppIcon;
				CODE_SIGN_STYLE = Automatic;
				INFOPLIST_FILE = Handyman/Info.plist;
				LD_RUNPATH_SEARCH_PATHS = (
					"$(inherited)",
					"@executable_path/Frameworks",
				);
				PRODUCT_BUNDLE_IDENTIFIER = A.Handyman;
				PRODUCT_NAME = "$(TARGET_NAME)";
				SWIFT_VERSION = 4.0;
				TARGETED_DEVICE_FAMILY = "1,2";
			};
			name = Debug;
		};
		363053BC223A41AB0028715F /* Release */ = {
			isa = XCBuildConfiguration;
			buildSettings = {
				ASSETCATALOG_COMPILER_APPICON_NAME = AppIcon;
				CODE_SIGN_STYLE = Automatic;
				INFOPLIST_FILE = Handyman/Info.plist;
				LD_RUNPATH_SEARCH_PATHS = (
					"$(inherited)",
					"@executable_path/Frameworks",
				);
				PRODUCT_BUNDLE_IDENTIFIER = A.Handyman;
				PRODUCT_NAME = "$(TARGET_NAME)";
				SWIFT_VERSION = 4.0;
				TARGETED_DEVICE_FAMILY = "1,2";
			};
			name = Release;
		};
		363053BE223A41AB0028715F /* Debug */ = {
			isa = XCBuildConfiguration;
			buildSettings = {
				ALWAYS_EMBED_SWIFT_STANDARD_LIBRARIES = YES;
				BUNDLE_LOADER = "$(TEST_HOST)";
				CODE_SIGN_STYLE = Automatic;
				INFOPLIST_FILE = HandymanTests/Info.plist;
				LD_RUNPATH_SEARCH_PATHS = (
					"$(inherited)",
					"@executable_path/Frameworks",
					"@loader_path/Frameworks",
				);
				PRODUCT_BUNDLE_IDENTIFIER = A.HandymanTests;
				PRODUCT_NAME = "$(TARGET_NAME)";
				SWIFT_VERSION = 4.0;
				TARGETED_DEVICE_FAMILY = "1,2";
				TEST_HOST = "$(BUILT_PRODUCTS_DIR)/Handyman.app/Handyman";
			};
			name = Debug;
		};
		363053BF223A41AB0028715F /* Release */ = {
			isa = XCBuildConfiguration;
			buildSettings = {
				ALWAYS_EMBED_SWIFT_STANDARD_LIBRARIES = YES;
				BUNDLE_LOADER = "$(TEST_HOST)";
				CODE_SIGN_STYLE = Automatic;
				INFOPLIST_FILE = HandymanTests/Info.plist;
				LD_RUNPATH_SEARCH_PATHS = (
					"$(inherited)",
					"@executable_path/Frameworks",
					"@loader_path/Frameworks",
				);
				PRODUCT_BUNDLE_IDENTIFIER = A.HandymanTests;
				PRODUCT_NAME = "$(TARGET_NAME)";
				SWIFT_VERSION = 4.0;
				TARGETED_DEVICE_FAMILY = "1,2";
				TEST_HOST = "$(BUILT_PRODUCTS_DIR)/Handyman.app/Handyman";
			};
			name = Release;
		};
		363053C1223A41AB0028715F /* Debug */ = {
			isa = XCBuildConfiguration;
			buildSettings = {
				ALWAYS_EMBED_SWIFT_STANDARD_LIBRARIES = YES;
				CODE_SIGN_STYLE = Automatic;
				INFOPLIST_FILE = HandymanUITests/Info.plist;
				LD_RUNPATH_SEARCH_PATHS = (
					"$(inherited)",
					"@executable_path/Frameworks",
					"@loader_path/Frameworks",
				);
				PRODUCT_BUNDLE_IDENTIFIER = A.HandymanUITests;
				PRODUCT_NAME = "$(TARGET_NAME)";
				SWIFT_VERSION = 4.0;
				TARGETED_DEVICE_FAMILY = "1,2";
				TEST_TARGET_NAME = Handyman;
			};
			name = Debug;
		};
		363053C2223A41AB0028715F /* Release */ = {
			isa = XCBuildConfiguration;
			buildSettings = {
				ALWAYS_EMBED_SWIFT_STANDARD_LIBRARIES = YES;
				CODE_SIGN_STYLE = Automatic;
				INFOPLIST_FILE = HandymanUITests/Info.plist;
				LD_RUNPATH_SEARCH_PATHS = (
					"$(inherited)",
					"@executable_path/Frameworks",
					"@loader_path/Frameworks",
				);
				PRODUCT_BUNDLE_IDENTIFIER = A.HandymanUITests;
				PRODUCT_NAME = "$(TARGET_NAME)";
				SWIFT_VERSION = 4.0;
				TARGETED_DEVICE_FAMILY = "1,2";
				TEST_TARGET_NAME = Handyman;
			};
			name = Release;
		};
/* End XCBuildConfiguration section */

/* Begin XCConfigurationList section */
		3630538D223A41A80028715F /* Build configuration list for PBXProject "Handyman" */ = {
			isa = XCConfigurationList;
			buildConfigurations = (
				363053B8223A41AB0028715F /* Debug */,
				363053B9223A41AB0028715F /* Release */,
			);
			defaultConfigurationIsVisible = 0;
			defaultConfigurationName = Release;
		};
		363053BA223A41AB0028715F /* Build configuration list for PBXNativeTarget "Handyman" */ = {
			isa = XCConfigurationList;
			buildConfigurations = (
				363053BB223A41AB0028715F /* Debug */,
				363053BC223A41AB0028715F /* Release */,
			);
			defaultConfigurationIsVisible = 0;
			defaultConfigurationName = Release;
		};
		363053BD223A41AB0028715F /* Build configuration list for PBXNativeTarget "HandymanTests" */ = {
			isa = XCConfigurationList;
			buildConfigurations = (
				363053BE223A41AB0028715F /* Debug */,
				363053BF223A41AB0028715F /* Release */,
			);
			defaultConfigurationIsVisible = 0;
			defaultConfigurationName = Release;
		};
		363053C0223A41AB0028715F /* Build configuration list for PBXNativeTarget "HandymanUITests" */ = {
			isa = XCConfigurationList;
			buildConfigurations = (
				363053C1223A41AB0028715F /* Debug */,
				363053C2223A41AB0028715F /* Release */,
			);
			defaultConfigurationIsVisible = 0;
			defaultConfigurationName = Release;
		};
/* End XCConfigurationList section */
	};
	rootObject = 3630538A223A41A80028715F /* Project object */;
}
